// !$*UTF8*$!
{
	archiveVersion = 1;
	classes = {
	};
	objectVersion = 50;
	objects = {

/* Begin PBXBuildFile section */
		9B0AC9C524E7894D0028E56F /* AppDelegate.swift in Sources */ = {isa = PBXBuildFile; fileRef = 9B0AC9C424E7894D0028E56F /* AppDelegate.swift */; };
		9B0AC9C724E7894D0028E56F /* SceneDelegate.swift in Sources */ = {isa = PBXBuildFile; fileRef = 9B0AC9C624E7894D0028E56F /* SceneDelegate.swift */; };
		9B0AC9C924E7894D0028E56F /* HomeViewController.swift in Sources */ = {isa = PBXBuildFile; fileRef = 9B0AC9C824E7894D0028E56F /* HomeViewController.swift */; };
		9B0AC9CC24E7894D0028E56F /* Main.storyboard in Resources */ = {isa = PBXBuildFile; fileRef = 9B0AC9CA24E7894D0028E56F /* Main.storyboard */; };
		9B0AC9CE24E7894F0028E56F /* Assets.xcassets in Resources */ = {isa = PBXBuildFile; fileRef = 9B0AC9CD24E7894F0028E56F /* Assets.xcassets */; };
		9B0AC9D124E7894F0028E56F /* LaunchScreen.storyboard in Resources */ = {isa = PBXBuildFile; fileRef = 9B0AC9CF24E7894F0028E56F /* LaunchScreen.storyboard */; };
		9B0AC9DC24E7894F0028E56F /* CreatePWTests.swift in Sources */ = {isa = PBXBuildFile; fileRef = 9B0AC9DB24E7894F0028E56F /* CreatePWTests.swift */; };
		9B0AC9E724E7894F0028E56F /* CreatePWUITests.swift in Sources */ = {isa = PBXBuildFile; fileRef = 9B0AC9E624E7894F0028E56F /* CreatePWUITests.swift */; };
		9B0AC9F524E790F80028E56F /* CheckboxLabelView.xib in Resources */ = {isa = PBXBuildFile; fileRef = 9B0AC9F424E790F80028E56F /* CheckboxLabelView.xib */; };
		9B0AC9F724E7977D0028E56F /* CheckboxLabelView.swift in Sources */ = {isa = PBXBuildFile; fileRef = 9B0AC9F624E7977D0028E56F /* CheckboxLabelView.swift */; };
/* End PBXBuildFile section */

/* Begin PBXContainerItemProxy section */
		9B0AC9D824E7894F0028E56F /* PBXContainerItemProxy */ = {
			isa = PBXContainerItemProxy;
			containerPortal = 9B0AC9B924E7894D0028E56F /* Project object */;
			proxyType = 1;
			remoteGlobalIDString = 9B0AC9C024E7894D0028E56F;
			remoteInfo = CreatePW;
		};
		9B0AC9E324E7894F0028E56F /* PBXContainerItemProxy */ = {
			isa = PBXContainerItemProxy;
			containerPortal = 9B0AC9B924E7894D0028E56F /* Project object */;
			proxyType = 1;
			remoteGlobalIDString = 9B0AC9C024E7894D0028E56F;
			remoteInfo = CreatePW;
		};
/* End PBXContainerItemProxy section */

/* Begin PBXFileReference section */
		9B0AC9C124E7894D0028E56F /* CreatePW.app */ = {isa = PBXFileReference; explicitFileType = wrapper.application; includeInIndex = 0; path = CreatePW.app; sourceTree = BUILT_PRODUCTS_DIR; };
		9B0AC9C424E7894D0028E56F /* AppDelegate.swift */ = {isa = PBXFileReference; lastKnownFileType = sourcecode.swift; path = AppDelegate.swift; sourceTree = "<group>"; };
		9B0AC9C624E7894D0028E56F /* SceneDelegate.swift */ = {isa = PBXFileReference; lastKnownFileType = sourcecode.swift; path = SceneDelegate.swift; sourceTree = "<group>"; };
		9B0AC9C824E7894D0028E56F /* HomeViewController.swift */ = {isa = PBXFileReference; lastKnownFileType = sourcecode.swift; path = HomeViewController.swift; sourceTree = "<group>"; };
		9B0AC9CB24E7894D0028E56F /* Base */ = {isa = PBXFileReference; lastKnownFileType = file.storyboard; name = Base; path = Base.lproj/Main.storyboard; sourceTree = "<group>"; };
		9B0AC9CD24E7894F0028E56F /* Assets.xcassets */ = {isa = PBXFileReference; lastKnownFileType = folder.assetcatalog; path = Assets.xcassets; sourceTree = "<group>"; };
		9B0AC9D024E7894F0028E56F /* Base */ = {isa = PBXFileReference; lastKnownFileType = file.storyboard; name = Base; path = Base.lproj/LaunchScreen.storyboard; sourceTree = "<group>"; };
		9B0AC9D224E7894F0028E56F /* Info.plist */ = {isa = PBXFileReference; lastKnownFileType = text.plist.xml; path = Info.plist; sourceTree = "<group>"; };
		9B0AC9D724E7894F0028E56F /* CreatePWTests.xctest */ = {isa = PBXFileReference; explicitFileType = wrapper.cfbundle; includeInIndex = 0; path = CreatePWTests.xctest; sourceTree = BUILT_PRODUCTS_DIR; };
		9B0AC9DB24E7894F0028E56F /* CreatePWTests.swift */ = {isa = PBXFileReference; lastKnownFileType = sourcecode.swift; path = CreatePWTests.swift; sourceTree = "<group>"; };
		9B0AC9DD24E7894F0028E56F /* Info.plist */ = {isa = PBXFileReference; lastKnownFileType = text.plist.xml; path = Info.plist; sourceTree = "<group>"; };
		9B0AC9E224E7894F0028E56F /* CreatePWUITests.xctest */ = {isa = PBXFileReference; explicitFileType = wrapper.cfbundle; includeInIndex = 0; path = CreatePWUITests.xctest; sourceTree = BUILT_PRODUCTS_DIR; };
		9B0AC9E624E7894F0028E56F /* CreatePWUITests.swift */ = {isa = PBXFileReference; lastKnownFileType = sourcecode.swift; path = CreatePWUITests.swift; sourceTree = "<group>"; };
		9B0AC9E824E7894F0028E56F /* Info.plist */ = {isa = PBXFileReference; lastKnownFileType = text.plist.xml; path = Info.plist; sourceTree = "<group>"; };
		9B0AC9F424E790F80028E56F /* CheckboxLabelView.xib */ = {isa = PBXFileReference; lastKnownFileType = file.xib; path = CheckboxLabelView.xib; sourceTree = "<group>"; };
		9B0AC9F624E7977D0028E56F /* CheckboxLabelView.swift */ = {isa = PBXFileReference; lastKnownFileType = sourcecode.swift; path = CheckboxLabelView.swift; sourceTree = "<group>"; };
/* End PBXFileReference section */

/* Begin PBXFrameworksBuildPhase section */
		9B0AC9BE24E7894D0028E56F /* Frameworks */ = {
			isa = PBXFrameworksBuildPhase;
			buildActionMask = 2147483647;
			files = (
			);
			runOnlyForDeploymentPostprocessing = 0;
		};
		9B0AC9D424E7894F0028E56F /* Frameworks */ = {
			isa = PBXFrameworksBuildPhase;
			buildActionMask = 2147483647;
			files = (
			);
			runOnlyForDeploymentPostprocessing = 0;
		};
		9B0AC9DF24E7894F0028E56F /* Frameworks */ = {
			isa = PBXFrameworksBuildPhase;
			buildActionMask = 2147483647;
			files = (
			);
			runOnlyForDeploymentPostprocessing = 0;
		};
/* End PBXFrameworksBuildPhase section */

/* Begin PBXGroup section */
		9B0AC9B824E7894D0028E56F = {
			isa = PBXGroup;
			children = (
				9B0AC9C324E7894D0028E56F /* CreatePW */,
				9B0AC9DA24E7894F0028E56F /* CreatePWTests */,
				9B0AC9E524E7894F0028E56F /* CreatePWUITests */,
				9B0AC9C224E7894D0028E56F /* Products */,
			);
			sourceTree = "<group>";
		};
		9B0AC9C224E7894D0028E56F /* Products */ = {
			isa = PBXGroup;
			children = (
				9B0AC9C124E7894D0028E56F /* CreatePW.app */,
				9B0AC9D724E7894F0028E56F /* CreatePWTests.xctest */,
				9B0AC9E224E7894F0028E56F /* CreatePWUITests.xctest */,
			);
			name = Products;
			sourceTree = "<group>";
		};
		9B0AC9C324E7894D0028E56F /* CreatePW */ = {
			isa = PBXGroup;
			children = (
				9B0AC9C424E7894D0028E56F /* AppDelegate.swift */,
				9B0AC9C624E7894D0028E56F /* SceneDelegate.swift */,
				9B0AC9C824E7894D0028E56F /* HomeViewController.swift */,
				9B0AC9CA24E7894D0028E56F /* Main.storyboard */,
				9B0AC9F424E790F80028E56F /* CheckboxLabelView.xib */,
				9B0AC9F624E7977D0028E56F /* CheckboxLabelView.swift */,
				9B0AC9CD24E7894F0028E56F /* Assets.xcassets */,
				9B0AC9CF24E7894F0028E56F /* LaunchScreen.storyboard */,
				9B0AC9D224E7894F0028E56F /* Info.plist */,
			);
			path = CreatePW;
			sourceTree = "<group>";
		};
		9B0AC9DA24E7894F0028E56F /* CreatePWTests */ = {
			isa = PBXGroup;
			children = (
				9B0AC9DB24E7894F0028E56F /* CreatePWTests.swift */,
				9B0AC9DD24E7894F0028E56F /* Info.plist */,
			);
			path = CreatePWTests;
			sourceTree = "<group>";
		};
		9B0AC9E524E7894F0028E56F /* CreatePWUITests */ = {
			isa = PBXGroup;
			children = (
				9B0AC9E624E7894F0028E56F /* CreatePWUITests.swift */,
				9B0AC9E824E7894F0028E56F /* Info.plist */,
			);
			path = CreatePWUITests;
			sourceTree = "<group>";
		};
/* End PBXGroup section */

/* Begin PBXNativeTarget section */
		9B0AC9C024E7894D0028E56F /* CreatePW */ = {
			isa = PBXNativeTarget;
			buildConfigurationList = 9B0AC9EB24E7894F0028E56F /* Build configuration list for PBXNativeTarget "CreatePW" */;
			buildPhases = (
				9B0AC9BD24E7894D0028E56F /* Sources */,
				9B0AC9BE24E7894D0028E56F /* Frameworks */,
				9B0AC9BF24E7894D0028E56F /* Resources */,
			);
			buildRules = (
			);
			dependencies = (
			);
			name = CreatePW;
			productName = CreatePW;
			productReference = 9B0AC9C124E7894D0028E56F /* CreatePW.app */;
			productType = "com.apple.product-type.application";
		};
		9B0AC9D624E7894F0028E56F /* CreatePWTests */ = {
			isa = PBXNativeTarget;
			buildConfigurationList = 9B0AC9EE24E7894F0028E56F /* Build configuration list for PBXNativeTarget "CreatePWTests" */;
			buildPhases = (
				9B0AC9D324E7894F0028E56F /* Sources */,
				9B0AC9D424E7894F0028E56F /* Frameworks */,
				9B0AC9D524E7894F0028E56F /* Resources */,
			);
			buildRules = (
			);
			dependencies = (
				9B0AC9D924E7894F0028E56F /* PBXTargetDependency */,
			);
			name = CreatePWTests;
			productName = CreatePWTests;
			productReference = 9B0AC9D724E7894F0028E56F /* CreatePWTests.xctest */;
			productType = "com.apple.product-type.bundle.unit-test";
		};
		9B0AC9E124E7894F0028E56F /* CreatePWUITests */ = {
			isa = PBXNativeTarget;
			buildConfigurationList = 9B0AC9F124E7894F0028E56F /* Build configuration list for PBXNativeTarget "CreatePWUITests" */;
			buildPhases = (
				9B0AC9DE24E7894F0028E56F /* Sources */,
				9B0AC9DF24E7894F0028E56F /* Frameworks */,
				9B0AC9E024E7894F0028E56F /* Resources */,
			);
			buildRules = (
			);
			dependencies = (
				9B0AC9E424E7894F0028E56F /* PBXTargetDependency */,
			);
			name = CreatePWUITests;
			productName = CreatePWUITests;
			productReference = 9B0AC9E224E7894F0028E56F /* CreatePWUITests.xctest */;
			productType = "com.apple.product-type.bundle.ui-testing";
		};
/* End PBXNativeTarget section */

/* Begin PBXProject section */
		9B0AC9B924E7894D0028E56F /* Project object */ = {
			isa = PBXProject;
			attributes = {
				LastSwiftUpdateCheck = 1150;
				LastUpgradeCheck = 1150;
				ORGANIZATIONNAME = Cloud.Ju;
				TargetAttributes = {
					9B0AC9C024E7894D0028E56F = {
						CreatedOnToolsVersion = 11.5;
					};
					9B0AC9D624E7894F0028E56F = {
						CreatedOnToolsVersion = 11.5;
						TestTargetID = 9B0AC9C024E7894D0028E56F;
					};
					9B0AC9E124E7894F0028E56F = {
						CreatedOnToolsVersion = 11.5;
						TestTargetID = 9B0AC9C024E7894D0028E56F;
					};
				};
			};
			buildConfigurationList = 9B0AC9BC24E7894D0028E56F /* Build configuration list for PBXProject "CreatePW" */;
			compatibilityVersion = "Xcode 9.3";
			developmentRegion = en;
			hasScannedForEncodings = 0;
			knownRegions = (
				en,
				Base,
			);
			mainGroup = 9B0AC9B824E7894D0028E56F;
			productRefGroup = 9B0AC9C224E7894D0028E56F /* Products */;
			projectDirPath = "";
			projectRoot = "";
			targets = (
				9B0AC9C024E7894D0028E56F /* CreatePW */,
				9B0AC9D624E7894F0028E56F /* CreatePWTests */,
				9B0AC9E124E7894F0028E56F /* CreatePWUITests */,
			);
		};
/* End PBXProject section */

/* Begin PBXResourcesBuildPhase section */
		9B0AC9BF24E7894D0028E56F /* Resources */ = {
			isa = PBXResourcesBuildPhase;
			buildActionMask = 2147483647;
			files = (
				9B0AC9F524E790F80028E56F /* CheckboxLabelView.xib in Resources */,
				9B0AC9D124E7894F0028E56F /* LaunchScreen.storyboard in Resources */,
				9B0AC9CE24E7894F0028E56F /* Assets.xcassets in Resources */,
				9B0AC9CC24E7894D0028E56F /* Main.storyboard in Resources */,
			);
			runOnlyForDeploymentPostprocessing = 0;
		};
		9B0AC9D524E7894F0028E56F /* Resources */ = {
			isa = PBXResourcesBuildPhase;
			buildActionMask = 2147483647;
			files = (
			);
			runOnlyForDeploymentPostprocessing = 0;
		};
		9B0AC9E024E7894F0028E56F /* Resources */ = {
			isa = PBXResourcesBuildPhase;
			buildActionMask = 2147483647;
			files = (
			);
			runOnlyForDeploymentPostprocessing = 0;
		};
/* End PBXResourcesBuildPhase section */

/* Begin PBXSourcesBuildPhase section */
		9B0AC9BD24E7894D0028E56F /* Sources */ = {
			isa = PBXSourcesBuildPhase;
			buildActionMask = 2147483647;
			files = (
				9B0AC9F724E7977D0028E56F /* CheckboxLabelView.swift in Sources */,
				9B0AC9C924E7894D0028E56F /* HomeViewController.swift in Sources */,
				9B0AC9C524E7894D0028E56F /* AppDelegate.swift in Sources */,
				9B0AC9C724E7894D0028E56F /* SceneDelegate.swift in Sources */,
			);
			runOnlyForDeploymentPostprocessing = 0;
		};
		9B0AC9D324E7894F0028E56F /* Sources */ = {
			isa = PBXSourcesBuildPhase;
			buildActionMask = 2147483647;
			files = (
				9B0AC9DC24E7894F0028E56F /* CreatePWTests.swift in Sources */,
			);
			runOnlyForDeploymentPostprocessing = 0;
		};
		9B0AC9DE24E7894F0028E56F /* Sources */ = {
			isa = PBXSourcesBuildPhase;
			buildActionMask = 2147483647;
			files = (
				9B0AC9E724E7894F0028E56F /* CreatePWUITests.swift in Sources */,
			);
			runOnlyForDeploymentPostprocessing = 0;
		};
/* End PBXSourcesBuildPhase section */

/* Begin PBXTargetDependency section */
		9B0AC9D924E7894F0028E56F /* PBXTargetDependency */ = {
			isa = PBXTargetDependency;
			target = 9B0AC9C024E7894D0028E56F /* CreatePW */;
			targetProxy = 9B0AC9D824E7894F0028E56F /* PBXContainerItemProxy */;
		};
		9B0AC9E424E7894F0028E56F /* PBXTargetDependency */ = {
			isa = PBXTargetDependency;
			target = 9B0AC9C024E7894D0028E56F /* CreatePW */;
			targetProxy = 9B0AC9E324E7894F0028E56F /* PBXContainerItemProxy */;
		};
/* End PBXTargetDependency section */

/* Begin PBXVariantGroup section */
		9B0AC9CA24E7894D0028E56F /* Main.storyboard */ = {
			isa = PBXVariantGroup;
			children = (
				9B0AC9CB24E7894D0028E56F /* Base */,
			);
			name = Main.storyboard;
			sourceTree = "<group>";
		};
		9B0AC9CF24E7894F0028E56F /* LaunchScreen.storyboard */ = {
			isa = PBXVariantGroup;
			children = (
				9B0AC9D024E7894F0028E56F /* Base */,
			);
			name = LaunchScreen.storyboard;
			sourceTree = "<group>";
		};
/* End PBXVariantGroup section */

/* Begin XCBuildConfiguration section */
		9B0AC9E924E7894F0028E56F /* Debug */ = {
			isa = XCBuildConfiguration;
			buildSettings = {
				ALWAYS_SEARCH_USER_PATHS = NO;
				CLANG_ANALYZER_NONNULL = YES;
				CLANG_ANALYZER_NUMBER_OBJECT_CONVERSION = YES_AGGRESSIVE;
				CLANG_CXX_LANGUAGE_STANDARD = "gnu++14";
				CLANG_CXX_LIBRARY = "libc++";
				CLANG_ENABLE_MODULES = YES;
				CLANG_ENABLE_OBJC_ARC = YES;
				CLANG_ENABLE_OBJC_WEAK = YES;
				CLANG_WARN_BLOCK_CAPTURE_AUTORELEASING = YES;
				CLANG_WARN_BOOL_CONVERSION = YES;
				CLANG_WARN_COMMA = YES;
				CLANG_WARN_CONSTANT_CONVERSION = YES;
				CLANG_WARN_DEPRECATED_OBJC_IMPLEMENTATIONS = YES;
				CLANG_WARN_DIRECT_OBJC_ISA_USAGE = YES_ERROR;
				CLANG_WARN_DOCUMENTATION_COMMENTS = YES;
				CLANG_WARN_EMPTY_BODY = YES;
				CLANG_WARN_ENUM_CONVERSION = YES;
				CLANG_WARN_INFINITE_RECURSION = YES;
				CLANG_WARN_INT_CONVERSION = YES;
				CLANG_WARN_NON_LITERAL_NULL_CONVERSION = YES;
				CLANG_WARN_OBJC_IMPLICIT_RETAIN_SELF = YES;
				CLANG_WARN_OBJC_LITERAL_CONVERSION = YES;
				CLANG_WARN_OBJC_ROOT_CLASS = YES_ERROR;
				CLANG_WARN_RANGE_LOOP_ANALYSIS = YES;
				CLANG_WARN_STRICT_PROTOTYPES = YES;
				CLANG_WARN_SUSPICIOUS_MOVE = YES;
				CLANG_WARN_UNGUARDED_AVAILABILITY = YES_AGGRESSIVE;
				CLANG_WARN_UNREACHABLE_CODE = YES;
				CLANG_WARN__DUPLICATE_METHOD_MATCH = YES;
				COPY_PHASE_STRIP = NO;
				DEBUG_INFORMATION_FORMAT = dwarf;
				ENABLE_STRICT_OBJC_MSGSEND = YES;
				ENABLE_TESTABILITY = YES;
				GCC_C_LANGUAGE_STANDARD = gnu11;
				GCC_DYNAMIC_NO_PIC = NO;
				GCC_NO_COMMON_BLOCKS = YES;
				GCC_OPTIMIZATION_LEVEL = 0;
				GCC_PREPROCESSOR_DEFINITIONS = (
					"DEBUG=1",
					"$(inherited)",
				);
				GCC_WARN_64_TO_32_BIT_CONVERSION = YES;
				GCC_WARN_ABOUT_RETURN_TYPE = YES_ERROR;
				GCC_WARN_UNDECLARED_SELECTOR = YES;
				GCC_WARN_UNINITIALIZED_AUTOS = YES_AGGRESSIVE;
				GCC_WARN_UNUSED_FUNCTION = YES;
				GCC_WARN_UNUSED_VARIABLE = YES;
				IPHONEOS_DEPLOYMENT_TARGET = 13.5;
				MTL_ENABLE_DEBUG_INFO = INCLUDE_SOURCE;
				MTL_FAST_MATH = YES;
				ONLY_ACTIVE_ARCH = YES;
				SDKROOT = iphoneos;
				SWIFT_ACTIVE_COMPILATION_CONDITIONS = DEBUG;
				SWIFT_OPTIMIZATION_LEVEL = "-Onone";
			};
			name = Debug;
		};
		9B0AC9EA24E7894F0028E56F /* Release */ = {
			isa = XCBuildConfiguration;
			buildSettings = {
				ALWAYS_SEARCH_USER_PATHS = NO;
				CLANG_ANALYZER_NONNULL = YES;
				CLANG_ANALYZER_NUMBER_OBJECT_CONVERSION = YES_AGGRESSIVE;
				CLANG_CXX_LANGUAGE_STANDARD = "gnu++14";
				CLANG_CXX_LIBRARY = "libc++";
				CLANG_ENABLE_MODULES = YES;
				CLANG_ENABLE_OBJC_ARC = YES;
				CLANG_ENABLE_OBJC_WEAK = YES;
				CLANG_WARN_BLOCK_CAPTURE_AUTORELEASING = YES;
				CLANG_WARN_BOOL_CONVERSION = YES;
				CLANG_WARN_COMMA = YES;
				CLANG_WARN_CONSTANT_CONVERSION = YES;
				CLANG_WARN_DEPRECATED_OBJC_IMPLEMENTATIONS = YES;
				CLANG_WARN_DIRECT_OBJC_ISA_USAGE = YES_ERROR;
				CLANG_WARN_DOCUMENTATION_COMMENTS = YES;
				CLANG_WARN_EMPTY_BODY = YES;
				CLANG_WARN_ENUM_CONVERSION = YES;
				CLANG_WARN_INFINITE_RECURSION = YES;
				CLANG_WARN_INT_CONVERSION = YES;
				CLANG_WARN_NON_LITERAL_NULL_CONVERSION = YES;
				CLANG_WARN_OBJC_IMPLICIT_RETAIN_SELF = YES;
				CLANG_WARN_OBJC_LITERAL_CONVERSION = YES;
				CLANG_WARN_OBJC_ROOT_CLASS = YES_ERROR;
				CLANG_WARN_RANGE_LOOP_ANALYSIS = YES;
				CLANG_WARN_STRICT_PROTOTYPES = YES;
				CLANG_WARN_SUSPICIOUS_MOVE = YES;
				CLANG_WARN_UNGUARDED_AVAILABILITY = YES_AGGRESSIVE;
				CLANG_WARN_UNREACHABLE_CODE = YES;
				CLANG_WARN__DUPLICATE_METHOD_MATCH = YES;
				COPY_PHASE_STRIP = NO;
				DEBUG_INFORMATION_FORMAT = "dwarf-with-dsym";
				ENABLE_NS_ASSERTIONS = NO;
				ENABLE_STRICT_OBJC_MSGSEND = YES;
				GCC_C_LANGUAGE_STANDARD = gnu11;
				GCC_NO_COMMON_BLOCKS = YES;
				GCC_WARN_64_TO_32_BIT_CONVERSION = YES;
				GCC_WARN_ABOUT_RETURN_TYPE = YES_ERROR;
				GCC_WARN_UNDECLARED_SELECTOR = YES;
				GCC_WARN_UNINITIALIZED_AUTOS = YES_AGGRESSIVE;
				GCC_WARN_UNUSED_FUNCTION = YES;
				GCC_WARN_UNUSED_VARIABLE = YES;
				IPHONEOS_DEPLOYMENT_TARGET = 13.5;
				MTL_ENABLE_DEBUG_INFO = NO;
				MTL_FAST_MATH = YES;
				SDKROOT = iphoneos;
				SWIFT_COMPILATION_MODE = wholemodule;
				SWIFT_OPTIMIZATION_LEVEL = "-O";
				VALIDATE_PRODUCT = YES;
			};
			name = Release;
		};
		9B0AC9EC24E7894F0028E56F /* Debug */ = {
			isa = XCBuildConfiguration;
			buildSettings = {
				ASSETCATALOG_COMPILER_APPICON_NAME = AppIcon;
				CODE_SIGN_STYLE = Automatic;
				DEVELOPMENT_TEAM = C2A4267SKZ;
				INFOPLIST_FILE = CreatePW/Info.plist;
				LD_RUNPATH_SEARCH_PATHS = (
					"$(inherited)",
					"@executable_path/Frameworks",
				);
				PRODUCT_BUNDLE_IDENTIFIER = com.cloudju.CreatePW;
				PRODUCT_NAME = "$(TARGET_NAME)";
				SWIFT_VERSION = 5.0;
				TARGETED_DEVICE_FAMILY = "1,2";
			};
			name = Debug;
		};
		9B0AC9ED24E7894F0028E56F /* Release */ = {
			isa = XCBuildConfiguration;
			buildSettings = {
				ASSETCATALOG_COMPILER_APPICON_NAME = AppIcon;
				CODE_SIGN_STYLE = Automatic;
				DEVELOPMENT_TEAM = C2A4267SKZ;
				INFOPLIST_FILE = CreatePW/Info.plist;
				LD_RUNPATH_SEARCH_PATHS = (
					"$(inherited)",
					"@executable_path/Frameworks",
				);
				PRODUCT_BUNDLE_IDENTIFIER = com.cloudju.CreatePW;
				PRODUCT_NAME = "$(TARGET_NAME)";
				SWIFT_VERSION = 5.0;
				TARGETED_DEVICE_FAMILY = "1,2";
			};
			name = Release;
		};
		9B0AC9EF24E7894F0028E56F /* Debug */ = {
			isa = XCBuildConfiguration;
			buildSettings = {
				ALWAYS_EMBED_SWIFT_STANDARD_LIBRARIES = YES;
				BUNDLE_LOADER = "$(TEST_HOST)";
				CODE_SIGN_STYLE = Automatic;
				DEVELOPMENT_TEAM = C2A4267SKZ;
				INFOPLIST_FILE = CreatePWTests/Info.plist;
				IPHONEOS_DEPLOYMENT_TARGET = 13.5;
				LD_RUNPATH_SEARCH_PATHS = (
					"$(inherited)",
					"@executable_path/Frameworks",
					"@loader_path/Frameworks",
				);
				PRODUCT_BUNDLE_IDENTIFIER = com.cloudju.CreatePWTests;
				PRODUCT_NAME = "$(TARGET_NAME)";
				SWIFT_VERSION = 5.0;
				TARGETED_DEVICE_FAMILY = "1,2";
				TEST_HOST = "$(BUILT_PRODUCTS_DIR)/CreatePW.app/CreatePW";
			};
			name = Debug;
		};
		9B0AC9F024E7894F0028E56F /* Release */ = {
			isa = XCBuildConfiguration;
			buildSettings = {
				ALWAYS_EMBED_SWIFT_STANDARD_LIBRARIES = YES;
				BUNDLE_LOADER = "$(TEST_HOST)";
				CODE_SIGN_STYLE = Automatic;
				DEVELOPMENT_TEAM = C2A4267SKZ;
				INFOPLIST_FILE = CreatePWTests/Info.plist;
				IPHONEOS_DEPLOYMENT_TARGET = 13.5;
				LD_RUNPATH_SEARCH_PATHS = (
					"$(inherited)",
					"@executable_path/Frameworks",
					"@loader_path/Frameworks",
				);
				PRODUCT_BUNDLE_IDENTIFIER = com.cloudju.CreatePWTests;
				PRODUCT_NAME = "$(TARGET_NAME)";
				SWIFT_VERSION = 5.0;
				TARGETED_DEVICE_FAMILY = "1,2";
				TEST_HOST = "$(BUILT_PRODUCTS_DIR)/CreatePW.app/CreatePW";
			};
			name = Release;
		};
		9B0AC9F224E7894F0028E56F /* Debug */ = {
			isa = XCBuildConfiguration;
			buildSettings = {
				ALWAYS_EMBED_SWIFT_STANDARD_LIBRARIES = YES;
				CODE_SIGN_STYLE = Automatic;
				DEVELOPMENT_TEAM = C2A4267SKZ;
				INFOPLIST_FILE = CreatePWUITests/Info.plist;
				LD_RUNPATH_SEARCH_PATHS = (
					"$(inherited)",
					"@executable_path/Frameworks",
					"@loader_path/Frameworks",
				);
				PRODUCT_BUNDLE_IDENTIFIER = com.cloudju.CreatePWUITests;
				PRODUCT_NAME = "$(TARGET_NAME)";
				SWIFT_VERSION = 5.0;
				TARGETED_DEVICE_FAMILY = "1,2";
				TEST_TARGET_NAME = CreatePW;
			};
			name = Debug;
		};
		9B0AC9F324E7894F0028E56F /* Release */ = {
			isa = XCBuildConfiguration;
			buildSettings = {
				ALWAYS_EMBED_SWIFT_STANDARD_LIBRARIES = YES;
				CODE_SIGN_STYLE = Automatic;
				DEVELOPMENT_TEAM = C2A4267SKZ;
				INFOPLIST_FILE = CreatePWUITests/Info.plist;
				LD_RUNPATH_SEARCH_PATHS = (
					"$(inherited)",
					"@executable_path/Frameworks",
					"@loader_path/Frameworks",
				);
				PRODUCT_BUNDLE_IDENTIFIER = com.cloudju.CreatePWUITests;
				PRODUCT_NAME = "$(TARGET_NAME)";
				SWIFT_VERSION = 5.0;
				TARGETED_DEVICE_FAMILY = "1,2";
				TEST_TARGET_NAME = CreatePW;
			};
			name = Release;
		};
/* End XCBuildConfiguration section */

/* Begin XCConfigurationList section */
		9B0AC9BC24E7894D0028E56F /* Build configuration list for PBXProject "CreatePW" */ = {
			isa = XCConfigurationList;
			buildConfigurations = (
				9B0AC9E924E7894F0028E56F /* Debug */,
				9B0AC9EA24E7894F0028E56F /* Release */,
			);
			defaultConfigurationIsVisible = 0;
			defaultConfigurationName = Release;
		};
		9B0AC9EB24E7894F0028E56F /* Build configuration list for PBXNativeTarget "CreatePW" */ = {
			isa = XCConfigurationList;
			buildConfigurations = (
				9B0AC9EC24E7894F0028E56F /* Debug */,
				9B0AC9ED24E7894F0028E56F /* Release */,
			);
			defaultConfigurationIsVisible = 0;
			defaultConfigurationName = Release;
		};
		9B0AC9EE24E7894F0028E56F /* Build configuration list for PBXNativeTarget "CreatePWTests" */ = {
			isa = XCConfigurationList;
			buildConfigurations = (
				9B0AC9EF24E7894F0028E56F /* Debug */,
				9B0AC9F024E7894F0028E56F /* Release */,
			);
			defaultConfigurationIsVisible = 0;
			defaultConfigurationName = Release;
		};
		9B0AC9F124E7894F0028E56F /* Build configuration list for PBXNativeTarget "CreatePWUITests" */ = {
			isa = XCConfigurationList;
			buildConfigurations = (
				9B0AC9F224E7894F0028E56F /* Debug */,
				9B0AC9F324E7894F0028E56F /* Release */,
			);
			defaultConfigurationIsVisible = 0;
			defaultConfigurationName = Release;
		};
/* End XCConfigurationList section */
	};
	rootObject = 9B0AC9B924E7894D0028E56F /* Project object */;
}
